lockfileVersion: '9.0'

settings:
  autoInstallPeers: true
  excludeLinksFromLockfile: false

importers:

  .:
    dependencies:
      '@mesa/core':
        specifier: workspace:*
        version: link:../core
      hono:
        specifier: ^4.6.3
        version: 4.6.4
      valibot:
        specifier: ^0.42.1
        version: 0.42.1
      zod:
        specifier: 3.23.8
        version: 3.23.8
    devDependencies:
      '@octokit/webhooks-types':
        specifier: ^7.6.1
        version: 7.6.1
      '@types/bun':
        specifier: latest
        version: 1.1.11

packages:

  '@octokit/webhooks-types@7.6.1':
    resolution: {integrity: sha512-S8u2cJzklBC0FgTwWVLaM8tMrDuDMVE4xiTK4EYXM9GntyvrdbSoxqDQa+Fh57CCNApyIpyeqPhhFEmHPfrXgw==}

  '@types/bun@1.1.11':
    resolution: {integrity: sha512-0N7D/H/8sbf9JMkaG5F3+I/cB4TlhKTkO9EskEWP8XDr8aVcDe4EywSnU4cnyZy6tar1dq70NeFNkqMEUigthw==}

  '@types/node@20.12.14':
    resolution: {integrity: sha512-scnD59RpYD91xngrQQLGkE+6UrHUPzeKZWhhjBSa3HSkwjbQc38+q3RoIVEwxQGRw3M+j5hpNAM+lgV3cVormg==}

  '@types/ws@8.5.12':
    resolution: {integrity: sha512-3tPRkv1EtkDpzlgyKyI8pGsGZAGPEaXeu0DOj5DI25Ja91bdAYddYHbADRYVrZMRbfW+1l5YwXVDKohDJNQxkQ==}

  bun-types@1.1.30:
    resolution: {integrity: sha512-mGh7NLisOXskBU62DxLS+/nwmLlCYHYAkCzdo4DZ9+fzrpP41hAdOqaN4DO6tQfenHb4pYb0/shw29k4/6I2yQ==}

  hono@4.6.4:
    resolution: {integrity: sha512-T5WqBkTOcIQblqBKB5mpzaH/A+dSpvVe938xZJCHOmOuYfF7DSwE/9/10+BMvwSPq9N/f6LiQ38HxrZSQOsXKw==}
    engines: {node: '>=16.9.0'}

  undici-types@5.26.5:
    resolution: {integrity: sha512-JlCMO+ehdEIKqlFxk6IfVoAUVmgz7cU7zD/h9XZ0qzeosSHmUJVOzSQvvYSYWXkFXC+IfLKSIffhv0sVZup6pA==}

  valibot@0.42.1:
    resolution: {integrity: sha512-3keXV29Ar5b//Hqi4MbSdV7lfVp6zuYLZuA9V1PvQUsXqogr+u5lvLPLk3A4f74VUXDnf/JfWMN6sB+koJ/FFw==}
    peerDependencies:
      typescript: '>=5'
    peerDependenciesMeta:
      typescript:
        optional: true

  zod@3.23.8:
    resolution: {integrity: sha512-XBx9AXhXktjUqnepgTiE5flcKIYWi/rme0Eaj+5Y0lftuGBq+jyRu/md4WnuxqgP1ubdpNCsYEYPxrzVHD8d6g==}

snapshots:

  '@octokit/webhooks-types@7.6.1': {}

  '@types/bun@1.1.11':
    dependencies:
      bun-types: 1.1.30

  '@types/node@20.12.14':
    dependencies:
      undici-types: 5.26.5

  '@types/ws@8.5.12':
    dependencies:
      '@types/node': 20.12.14

  bun-types@1.1.30:
    dependencies:
      '@types/node': 20.12.14
      '@types/ws': 8.5.12

  hono@4.6.4: {}

  undici-types@5.26.5: {}

  valibot@0.42.1: {}

  zod@3.23.8: {}
